
Microsoft Visual Studio Solution File, Format Version 12.00
# Visual Studio Version 17
VisualStudioVersion = 17.4.33205.214
MinimumVisualStudioVersion = 10.0.40219.1
Project("{9A19103F-16F7-4668-BE54-9A1E7A4F7556}") = "QuickAzTables", "QuickAzTables\QuickAzTables.csproj", "{97297955-DA08-40EE-B763-06BF5A57FE9C}"
EndProject
Global
	GlobalSection(SolutionConfigurationPlatforms) = preSolution
		Debug|Any CPU = Debug|Any CPU
		Release|Any CPU = Release|Any CPU
	EndGlobalSection
	GlobalSection(ProjectConfigurationPlatforms) = postSolution
		{97297955-DA08-40EE-B763-06BF5A57FE9C}.Debug|Any CPU.ActiveCfg = Debug|Any CPU
		{97297955-DA08-40EE-B763-06BF5A57FE9C}.Debug|Any CPU.Build.0 = Debug|Any CPU
		{97297955-DA08-40EE-B763-06BF5A57FE9C}.Release|Any CPU.ActiveCfg = Release|Any CPU
		{97297955-DA08-40EE-B763-06BF5A57FE9C}.Release|Any CPU.Build.0 = Release|Any CPU
	EndGlobalSection
	GlobalSection(SolutionProperties) = preSolution
		HideSolutionNode = FALSE
	EndGlobalSection
	GlobalSection(ExtensibilityGlobals) = postSolution
		SolutionGuid = {17540D2D-21C9-4647-9FEE-8FE3F8865C36}
	EndGlobalSection
EndGlobal
